schema: '2.0'
stages:
  data_ingestion:
    cmd: python src/Data_Ingestion.py
    deps:
    - path: src/Data_Ingestion.py
      hash: md5
      md5: 7f362786c9c411a0a2d55d5b85478450
      size: 3678
    params:
      params.yaml:
        data_ingestion.test_size: 0.15
    outs:
    - path: data/raw
      hash: md5
      md5: a15ba66afdf82f8659b031b175286ed3.dir
      size: 484846
      nfiles: 2
  data_preprocessing:
    cmd: python src/Data_Pre_Processing.py
    deps:
    - path: data/raw
      hash: md5
      md5: a15ba66afdf82f8659b031b175286ed3.dir
      size: 484846
      nfiles: 2
    - path: src/Data_Pre_Processing.py
      hash: md5
      md5: 0ca8faa65645452be91bb7e5dd855739
      size: 3977
    outs:
    - path: data/interim
      hash: md5
      md5: 60a6fff4e80508df65a68e383fa2725e.dir
      size: 259164
      nfiles: 2
  feature_engineering:
    cmd: python src/Feature_Engineering.py
    deps:
    - path: data/interim
      hash: md5
      md5: 60a6fff4e80508df65a68e383fa2725e.dir
      size: 259164
      nfiles: 2
    - path: src/Feature_Engineering.py
      hash: md5
      md5: 1649f346ed83c869fc62682e563dad3b
      size: 3891
    params:
      params.yaml:
        feature_engineering.max_features: 20
    outs:
    - path: data/processed
      hash: md5
      md5: a72762a9d9b6bfcff12e98cb563f62e4.dir
      size: 483230
      nfiles: 2
  model_building:
    cmd: python src/Model_Building.py
    deps:
    - path: data/processed
      hash: md5
      md5: a72762a9d9b6bfcff12e98cb563f62e4.dir
      size: 483230
      nfiles: 2
    - path: src/Model_Building.py
      hash: md5
      md5: 13db988417061a7aec68c58f794495e7
      size: 4425
    params:
      params.yaml:
        model_building.n_estimators: 20
        model_building.random_state: 2
    outs:
    - path: models/model.pkl
      hash: md5
      md5: 3f3341b70ed0e152aace1d42deded09b
      size: 477868
  model_evaluation:
    cmd: python src/Model_Evaluation.py
    deps:
    - path: models/model.pkl
      hash: md5
      md5: 3f3341b70ed0e152aace1d42deded09b
      size: 477868
    - path: src/Model_Evaluation.py
      hash: md5
      md5: b325f8447ad5419df80c8895865861a5
      size: 4588
    outs:
    - path: reports/metrics.json
      hash: md5
      md5: 2f91e1b416dd1933834fb6b42055fdd5
      size: 144
