schema: '2.0'
stages:
  data_ingestion:
    cmd: python src/Data_Ingestion.py
    deps:
    - path: src/Data_Ingestion.py
      hash: md5
      md5: 7f362786c9c411a0a2d55d5b85478450
      size: 3678
    params:
      params.yaml:
        data_ingestion.test_size: 0.3
    outs:
    - path: data/raw
      hash: md5
      md5: d26befd2dda9438254177d9000d9ba1f.dir
      size: 484846
      nfiles: 2
  data_preprocessing:
    cmd: python src/Data_Pre_Processing.py
    deps:
    - path: data/raw
      hash: md5
      md5: d26befd2dda9438254177d9000d9ba1f.dir
      size: 484846
      nfiles: 2
    - path: src/Data_Pre_Processing.py
      hash: md5
      md5: 0ca8faa65645452be91bb7e5dd855739
      size: 3977
    outs:
    - path: data/interim
      hash: md5
      md5: 61ca13b2e20854a1f7bacbbcfeca409e.dir
      size: 262513
      nfiles: 2
  feature_engineering:
    cmd: python src/Feature_Engineering.py
    deps:
    - path: data/interim
      hash: md5
      md5: 61ca13b2e20854a1f7bacbbcfeca409e.dir
      size: 262513
      nfiles: 2
    - path: src/Feature_Engineering.py
      hash: md5
      md5: 1649f346ed83c869fc62682e563dad3b
      size: 3891
    params:
      params.yaml:
        feature_engineering.max_features: 50
    outs:
    - path: data/processed
      hash: md5
      md5: 85d321dc446823db63e7907f87ac544e.dir
      size: 1187708
      nfiles: 2
  model_building:
    cmd: python src/Model_Building.py
    deps:
    - path: data/processed
      hash: md5
      md5: 85d321dc446823db63e7907f87ac544e.dir
      size: 1187708
      nfiles: 2
    - path: src/Model_Building.py
      hash: md5
      md5: 13db988417061a7aec68c58f794495e7
      size: 4425
    params:
      params.yaml:
        model_building.n_estimators: 25
        model_building.random_state: 2
    outs:
    - path: models/model.pkl
      hash: md5
      md5: 8afc6c368bad215757497116c7a351ea
      size: 886127
  model_evaluation:
    cmd: python src/Model_Evaluation.py
    deps:
    - path: models/model.pkl
      hash: md5
      md5: 8afc6c368bad215757497116c7a351ea
      size: 886127
    - path: src/Model_Evaluation.py
      hash: md5
      md5: b325f8447ad5419df80c8895865861a5
      size: 4588
    outs:
    - path: reports/metrics.json
      hash: md5
      md5: cb022d5a28b8ab74e9fa1b662e0651b1
      size: 145
