schema: '2.0'
stages:
  data_ingestion:
    cmd: python src/Data_Ingestion.py
    deps:
    - path: src/Data_Ingestion.py
      hash: md5
      md5: 7f362786c9c411a0a2d55d5b85478450
      size: 3678
    params:
      params.yaml:
        data_ingestion.test_size: 0.15
    outs:
    - path: data/raw
      hash: md5
      md5: a15ba66afdf82f8659b031b175286ed3.dir
      size: 484846
      nfiles: 2
  data_preprocessing:
    cmd: python src/Data_Pre_Processing.py
    deps:
    - path: data/raw
      hash: md5
      md5: a15ba66afdf82f8659b031b175286ed3.dir
      size: 484846
      nfiles: 2
    - path: src/Data_Pre_Processing.py
      hash: md5
      md5: 0ca8faa65645452be91bb7e5dd855739
      size: 3977
    outs:
    - path: data/interim
      hash: md5
      md5: 60a6fff4e80508df65a68e383fa2725e.dir
      size: 259164
      nfiles: 2
  feature_engineering:
    cmd: python src/Feature_Engineering.py
    deps:
    - path: data/interim
      hash: md5
      md5: 60a6fff4e80508df65a68e383fa2725e.dir
      size: 259164
      nfiles: 2
    - path: src/Feature_Engineering.py
      hash: md5
      md5: 1649f346ed83c869fc62682e563dad3b
      size: 3891
    params:
      params.yaml:
        feature_engineering.max_features: 45
    outs:
    - path: data/processed
      hash: md5
      md5: a4c66ee04e598616a0efc0acc0f748d2.dir
      size: 1063201
      nfiles: 2
  model_building:
    cmd: python src/Model_Building.py
    deps:
    - path: data/processed
      hash: md5
      md5: a4c66ee04e598616a0efc0acc0f748d2.dir
      size: 1063201
      nfiles: 2
    - path: src/Model_Building.py
      hash: md5
      md5: 13db988417061a7aec68c58f794495e7
      size: 4425
    params:
      params.yaml:
        model_building.n_estimators: 20
        model_building.random_state: 2
    outs:
    - path: models/model.pkl
      hash: md5
      md5: efdc237d1aee23579d94136d2530adca
      size: 790384
  model_evaluation:
    cmd: python src/Model_Evaluation.py
    deps:
    - path: models/model.pkl
      hash: md5
      md5: efdc237d1aee23579d94136d2530adca
      size: 790384
    - path: src/Model_Evaluation.py
      hash: md5
      md5: 9e0839934f2a7142723f047737e7bbe9
      size: 3627
    outs:
    - path: reports/metrics.json
      hash: md5
      md5: 14fcd2a537ccecb8e1ac79a35eefb330
      size: 145
